{
  "nodes": {
    "flake-compat": {
      "locked": {
        "lastModified": 1767039857,
        "narHash": "sha256-vNpUSpF5Nuw8xvDLj2KCwwksIbjua2LZCqhV1LNRDns=",
        "owner": "NixOS",
        "repo": "flake-compat",
        "rev": "5edf11c44bc78a0d334f6334cdaf7d60d732daab",
        "type": "github"
      },
      "original": {
        "owner": "NixOS",
        "repo": "flake-compat",
        "type": "github"
      }
    },
    "flake-parts": {
      "inputs": {
        "nixpkgs-lib": [
          "nixpkgs"
        ]
      },
      "locked": {
        "lastModified": 1788450739,
        "narHash": "sha256-glZLQlzIn1fXH6PazR2iUmTo7kzzyYSshrWhLS9TqCU=",
        "owner": "hercules-ci",
        "repo": "flake-parts",
        "rev": "31729ca8cbdb4fa927b34e5f4353e6a83f39e993",
        "type": "github"
      },
      "original": {
        "owner": "hercules-ci",
        "repo": "flake-parts",
        "type": "github"
      }
    },
    "gitignore": {
      "inputs": {
        "nixpkgs": [
          "pulse-visualizer",
          "nixpkgs"
        ]
      },
      "locked": {
        "lastModified": 1762808025,
        "narHash": "sha256-XmjITeZNMTQXGhhww6ed/Wacy2KzD6svioyCX7pkUu4=",
        "owner": "hercules-ci",
        "repo": "gitignore.nix",
        "rev": "cb5e3fdca1de58ccbc3ef53de65bd372b48f567c",
        "type": "github"
      },
      "original": {
        "owner": "hercules-ci",
        "repo": "gitignore.nix",
        "type": "github"
      }
    },
    "import-tree": {
      "locked": {
        "lastModified": 1788467110,
        "narHash": "sha256-ljEMTXP/rH0tOvDzc9gzwww6KcHRPRnEHzd9lK48V7s=",
        "owner": "vic",
        "repo": "import-tree",
        "rev": "eb1b52eaecc57f7c136d07ae8a93e724dfecac46",
        "type": "github"
      },
      "original": {
        "owner": "vic",
        "repo": "import-tree",
        "type": "github"
      }
    },
    "nixpkgs": {
      "locked": {
        "lastModified": 1790689126,
        "narHash": "sha256-VyUI5WA3WdOB9kjb04A0pxE6XTWC6cG95ZkoPSv58F0=",
        "rev": "b4fd65b198c599cbe814fcb9f42d25d021595ec9",
        "type": "tarball",
        "url": "https://releases.nixos.org/nixos/unstable/nixos-26.11pre1082427.b4fd65b198c5/nixexprs.tar.xz"
      },
      "original": {
        "type": "tarball",
        "url": "https://channels.nixos.org/nixos-unstable/nixexprs.tar.xz"
      }
    },
    "pulse-visualizer": {
      "inputs": {
        "flake-compat": "flake-compat",
        "flake-parts": [
          "flake-parts"
        ],
        "gitignore": "gitignore",
        "nixpkgs": [
          "nixpkgs"
        ]
      },
      "locked": {
        "lastModified": 1779742970,
        "narHash": "sha256-xIXNs7AYKHEuVon/MpLDXsNruupC06wsBvULyimziVU=",
        "owner": "Audio-Solutions",
        "repo": "pulse-visualizer",
        "rev": "50466f1f64765bb463a17a5ce4bcfa3388293262",
        "type": "github"
      },
      "original": {
        "owner": "Audio-Solutions",
        "repo": "pulse-visualizer",
        "type": "github"
      }
    },
    "root": {
      "inputs": {
        "flake-parts": "flake-parts",
        "import-tree": "import-tree",
        "nixpkgs": "nixpkgs",
        "pulse-visualizer": "pulse-visualizer"
      }
    }
  },
  "root": "root",
  "version": 7
}
